
Microsoft Visual Studio Solution File, Format Version 12.00
# Visual Studio Version 16
VisualStudioVersion = 16.0.29215.179
MinimumVisualStudioVersion = 10.0.40219.1
Project("{9A19103F-16F7-4668-BE54-9A1E7A4F7556}") = "Sk8M8_API", "Sk8M8_API\Sk8M8_API.csproj", "{1E03CAC4-242B-4071-97A2-A58205859707}"
EndProject
Project("{E53339B2-1760-4266-BCC7-CA923CBCF16C}") = "docker-compose", "docker-compose.dcproj", "{80235EE8-D0B2-48F4-BC8C-E0ECFD307D4B}"
EndProject
Global
	GlobalSection(SolutionConfigurationPlatforms) = preSolution
		Debug|Any CPU = Debug|Any CPU
		Release|Any CPU = Release|Any CPU
	EndGlobalSection
	GlobalSection(ProjectConfigurationPlatforms) = postSolution
		{1E03CAC4-242B-4071-97A2-A58205859707}.Debug|Any CPU.ActiveCfg = Debug|Any CPU
		{1E03CAC4-242B-4071-97A2-A58205859707}.Debug|Any CPU.Build.0 = Debug|Any CPU
		{1E03CAC4-242B-4071-97A2-A58205859707}.Release|Any CPU.ActiveCfg = Release|Any CPU
		{1E03CAC4-242B-4071-97A2-A58205859707}.Release|Any CPU.Build.0 = Release|Any CPU
		{80235EE8-D0B2-48F4-BC8C-E0ECFD307D4B}.Debug|Any CPU.ActiveCfg = Debug|Any CPU
		{80235EE8-D0B2-48F4-BC8C-E0ECFD307D4B}.Debug|Any CPU.Build.0 = Debug|Any CPU
		{80235EE8-D0B2-48F4-BC8C-E0ECFD307D4B}.Release|Any CPU.ActiveCfg = Release|Any CPU
		{80235EE8-D0B2-48F4-BC8C-E0ECFD307D4B}.Release|Any CPU.Build.0 = Release|Any CPU
	EndGlobalSection
	GlobalSection(SolutionProperties) = preSolution
		HideSolutionNode = FALSE
	EndGlobalSection
	GlobalSection(ExtensibilityGlobals) = postSolution
		SolutionGuid = {45F3786C-F85A-45E8-9EAF-2DD69404EBF4}
	EndGlobalSection
EndGlobal
